
Microsoft Visual Studio Solution File, Format Version 12.00
# Visual Studio Version 17
VisualStudioVersion = 17.5.33424.131
MinimumVisualStudioVersion = 10.0.40219.1
Project("{9A19103F-16F7-4668-BE54-9A1E7A4F7556}") = "ObjectBasin", "src\ObjectBasin.csproj", "{98CF76A1-18AA-4109-BFEE-37993BD86EA0}"
EndProject
Project("{FAE04EC0-301F-11D3-BF4B-00C04F79EFBC}") = "Tests", "tests\Tests\Tests.csproj", "{64814309-5353-44BF-8CCE-D38341672E07}"
EndProject
Global
	GlobalSection(SolutionConfigurationPlatforms) = preSolution
		Debug|Any CPU = Debug|Any CPU
		Release|Any CPU = Release|Any CPU
	EndGlobalSection
	GlobalSection(ProjectConfigurationPlatforms) = postSolution
		{98CF76A1-18AA-4109-BFEE-37993BD86EA0}.Debug|Any CPU.ActiveCfg = Debug|Any CPU
		{98CF76A1-18AA-4109-BFEE-37993BD86EA0}.Debug|Any CPU.Build.0 = Debug|Any CPU
		{98CF76A1-18AA-4109-BFEE-37993BD86EA0}.Release|Any CPU.ActiveCfg = Release|Any CPU
		{98CF76A1-18AA-4109-BFEE-37993BD86EA0}.Release|Any CPU.Build.0 = Release|Any CPU
		{64814309-5353-44BF-8CCE-D38341672E07}.Debug|Any CPU.ActiveCfg = Debug|Any CPU
		{64814309-5353-44BF-8CCE-D38341672E07}.Debug|Any CPU.Build.0 = Debug|Any CPU
		{64814309-5353-44BF-8CCE-D38341672E07}.Release|Any CPU.ActiveCfg = Release|Any CPU
		{64814309-5353-44BF-8CCE-D38341672E07}.Release|Any CPU.Build.0 = Release|Any CPU
	EndGlobalSection
	GlobalSection(SolutionProperties) = preSolution
		HideSolutionNode = FALSE
	EndGlobalSection
	GlobalSection(ExtensibilityGlobals) = postSolution
		SolutionGuid = {83E8C94A-524A-4BF5-9A00-9759B2FF9B3E}
	EndGlobalSection
EndGlobal
